
Microsoft Visual Studio Solution File, Format Version 12.00
# Visual Studio Version 16
VisualStudioVersion = 16.0.31624.102
MinimumVisualStudioVersion = 10.0.40219.1
Project("{FAE04EC0-301F-11D3-BF4B-00C04F79EFBC}") = "ProyectoAngularPractico", "ProyectoAngularPractico.csproj", "{4C6BEA58-FC41-410D-A493-DB3F698877E2}"
EndProject
Global
	GlobalSection(SolutionConfigurationPlatforms) = preSolution
		Debug|Any CPU = Debug|Any CPU
		Release|Any CPU = Release|Any CPU
	EndGlobalSection
	GlobalSection(ProjectConfigurationPlatforms) = postSolution
		{4C6BEA58-FC41-410D-A493-DB3F698877E2}.Debug|Any CPU.ActiveCfg = Debug|Any CPU
		{4C6BEA58-FC41-410D-A493-DB3F698877E2}.Debug|Any CPU.Build.0 = Debug|Any CPU
		{4C6BEA58-FC41-410D-A493-DB3F698877E2}.Release|Any CPU.ActiveCfg = Release|Any CPU
		{4C6BEA58-FC41-410D-A493-DB3F698877E2}.Release|Any CPU.Build.0 = Release|Any CPU
	EndGlobalSection
	GlobalSection(SolutionProperties) = preSolution
		HideSolutionNode = FALSE
	EndGlobalSection
	GlobalSection(ExtensibilityGlobals) = postSolution
		SolutionGuid = {5391FDF1-5ACE-4808-A586-95247483496E}
	EndGlobalSection
EndGlobal
